
Microsoft Visual Studio Solution File, Format Version 12.00
# Visual Studio 15
VisualStudioVersion = 15.0.28307.168
MinimumVisualStudioVersion = 10.0.40219.1
Project("{FAE04EC0-301F-11D3-BF4B-00C04F79EFBC}") = "HelloWorld.Android", "HelloWorld\HelloWorld.Android\HelloWorld.Android.csproj", "{DE95D460-902B-4B6E-BCF2-F1AE6AD48C77}"
EndProject
Project("{FAE04EC0-301F-11D3-BF4B-00C04F79EFBC}") = "HelloWorld.iOS", "HelloWorld\HelloWorld.iOS\HelloWorld.iOS.csproj", "{5673E713-6083-435B-94B3-BB32DFF11C9A}"
EndProject
Project("{FAE04EC0-301F-11D3-BF4B-00C04F79EFBC}") = "HelloWorld.UWP", "HelloWorld\HelloWorld.UWP\HelloWorld.UWP.csproj", "{3D3D59F5-1461-415E-AB4B-24F1AEA2D009}"
EndProject
Project("{9A19103F-16F7-4668-BE54-9A1E7A4F7556}") = "HelloWorld", "HelloWorld\HelloWorld\HelloWorld.csproj", "{56BA0220-765F-478D-AE03-4C8A603EC29E}"
EndProject
Project("{2150E333-8FDC-42A3-9474-1A3956D46DE8}") = "Solution Items", "Solution Items", "{AD2FA3EB-E60F-45D6-80F7-29C2B74AB8FA}"
	ProjectSection(SolutionItems) = preProject
		Grid-Exercise-Section 3.pdf = Grid-Exercise-Section 3.pdf
		Info.txt = Info.txt
		Part 1 XAML-Essentials-Cheat-Sheet.pdf = Part 1 XAML-Essentials-Cheat-Sheet.pdf
		Section 2 XAML-Essentials-Exercise.pdf = Section 2 XAML-Essentials-Exercise.pdf
	EndProjectSection
EndProject
Global
	GlobalSection(SolutionConfigurationPlatforms) = preSolution
		Ad-Hoc|Any CPU = Ad-Hoc|Any CPU
		Ad-Hoc|ARM = Ad-Hoc|ARM
		Ad-Hoc|iPhone = Ad-Hoc|iPhone
		Ad-Hoc|iPhoneSimulator = Ad-Hoc|iPhoneSimulator
		Ad-Hoc|x64 = Ad-Hoc|x64
		Ad-Hoc|x86 = Ad-Hoc|x86
		AppStore|Any CPU = AppStore|Any CPU
		AppStore|ARM = AppStore|ARM
		AppStore|iPhone = AppStore|iPhone
		AppStore|iPhoneSimulator = AppStore|iPhoneSimulator
		AppStore|x64 = AppStore|x64
		AppStore|x86 = AppStore|x86
		Debug|Any CPU = Debug|Any CPU
		Debug|ARM = Debug|ARM
		Debug|iPhone = Debug|iPhone
		Debug|iPhoneSimulator = Debug|iPhoneSimulator
		Debug|x64 = Debug|x64
		Debug|x86 = Debug|x86
		Release|Any CPU = Release|Any CPU
		Release|ARM = Release|ARM
		Release|iPhone = Release|iPhone
		Release|iPhoneSimulator = Release|iPhoneSimulator
		Release|x64 = Release|x64
		Release|x86 = Release|x86
	EndGlobalSection
	GlobalSection(ProjectConfigurationPlatforms) = postSolution
		{DE95D460-902B-4B6E-BCF2-F1AE6AD48C77}.Ad-Hoc|Any CPU.ActiveCfg = Release|Any CPU
		{DE95D460-902B-4B6E-BCF2-F1AE6AD48C77}.Ad-Hoc|Any CPU.Build.0 = Release|Any CPU
		{DE95D460-902B-4B6E-BCF2-F1AE6AD48C77}.Ad-Hoc|Any CPU.Deploy.0 = Release|Any CPU
		{DE95D460-902B-4B6E-BCF2-F1AE6AD48C77}.Ad-Hoc|ARM.ActiveCfg = Release|Any CPU
		{DE95D460-902B-4B6E-BCF2-F1AE6AD48C77}.Ad-Hoc|ARM.Build.0 = Release|Any CPU
		{DE95D460-902B-4B6E-BCF2-F1AE6AD48C77}.Ad-Hoc|ARM.Deploy.0 = Release|Any CPU
		{DE95D460-902B-4B6E-BCF2-F1AE6AD48C77}.Ad-Hoc|iPhone.ActiveCfg = Release|Any CPU
		{DE95D460-902B-4B6E-BCF2-F1AE6AD48C77}.Ad-Hoc|iPhone.Build.0 = Release|Any CPU
		{DE95D460-902B-4B6E-BCF2-F1AE6AD48C77}.Ad-Hoc|iPhone.Deploy.0 = Release|Any CPU
		{DE95D460-902B-4B6E-BCF2-F1AE6AD48C77}.Ad-Hoc|iPhoneSimulator.ActiveCfg = Release|Any CPU
		{DE95D460-902B-4B6E-BCF2-F1AE6AD48C77}.Ad-Hoc|iPhoneSimulator.Build.0 = Release|Any CPU
		{DE95D460-902B-4B6E-BCF2-F1AE6AD48C77}.Ad-Hoc|iPhoneSimulator.Deploy.0 = Release|Any CPU
		{DE95D460-902B-4B6E-BCF2-F1AE6AD48C77}.Ad-Hoc|x64.ActiveCfg = Release|Any CPU
		{DE95D460-902B-4B6E-BCF2-F1AE6AD48C77}.Ad-Hoc|x64.Build.0 = Release|Any CPU
		{DE95D460-902B-4B6E-BCF2-F1AE6AD48C77}.Ad-Hoc|x64.Deploy.0 = Release|Any CPU
		{DE95D460-902B-4B6E-BCF2-F1AE6AD48C77}.Ad-Hoc|x86.ActiveCfg = Release|Any CPU
		{DE95D460-902B-4B6E-BCF2-F1AE6AD48C77}.Ad-Hoc|x86.Build.0 = Release|Any CPU
		{DE95D460-902B-4B6E-BCF2-F1AE6AD48C77}.Ad-Hoc|x86.Deploy.0 = Release|Any CPU
		{DE95D460-902B-4B6E-BCF2-F1AE6AD48C77}.AppStore|Any CPU.ActiveCfg = Release|Any CPU
		{DE95D460-902B-4B6E-BCF2-F1AE6AD48C77}.AppStore|Any CPU.Build.0 = Release|Any CPU
		{DE95D460-902B-4B6E-BCF2-F1AE6AD48C77}.AppStore|Any CPU.Deploy.0 = Release|Any CPU
		{DE95D460-902B-4B6E-BCF2-F1AE6AD48C77}.AppStore|ARM.ActiveCfg = Release|Any CPU
		{DE95D460-902B-4B6E-BCF2-F1AE6AD48C77}.AppStore|ARM.Build.0 = Release|Any CPU
		{DE95D460-902B-4B6E-BCF2-F1AE6AD48C77}.AppStore|ARM.Deploy.0 = Release|Any CPU
		{DE95D460-902B-4B6E-BCF2-F1AE6AD48C77}.AppStore|iPhone.ActiveCfg = Release|Any CPU
		{DE95D460-902B-4B6E-BCF2-F1AE6AD48C77}.AppStore|iPhone.Build.0 = Release|Any CPU
		{DE95D460-902B-4B6E-BCF2-F1AE6AD48C77}.AppStore|iPhone.Deploy.0 = Release|Any CPU
		{DE95D460-902B-4B6E-BCF2-F1AE6AD48C77}.AppStore|iPhoneSimulator.ActiveCfg = Release|Any CPU
		{DE95D460-902B-4B6E-BCF2-F1AE6AD48C77}.AppStore|iPhoneSimulator.Build.0 = Release|Any CPU
		{DE95D460-902B-4B6E-BCF2-F1AE6AD48C77}.AppStore|iPhoneSimulator.Deploy.0 = Release|Any CPU
		{DE95D460-902B-4B6E-BCF2-F1AE6AD48C77}.AppStore|x64.ActiveCfg = Release|Any CPU
		{DE95D460-902B-4B6E-BCF2-F1AE6AD48C77}.AppStore|x64.Build.0 = Release|Any CPU
		{DE95D460-902B-4B6E-BCF2-F1AE6AD48C77}.AppStore|x64.Deploy.0 = Release|Any CPU
		{DE95D460-902B-4B6E-BCF2-F1AE6AD48C77}.AppStore|x86.ActiveCfg = Release|Any CPU
		{DE95D460-902B-4B6E-BCF2-F1AE6AD48C77}.AppStore|x86.Build.0 = Release|Any CPU
		{DE95D460-902B-4B6E-BCF2-F1AE6AD48C77}.AppStore|x86.Deploy.0 = Release|Any CPU
		{DE95D460-902B-4B6E-BCF2-F1AE6AD48C77}.Debug|Any CPU.ActiveCfg = Debug|Any CPU
		{DE95D460-902B-4B6E-BCF2-F1AE6AD48C77}.Debug|Any CPU.Build.0 = Debug|Any CPU
		{DE95D460-902B-4B6E-BCF2-F1AE6AD48C77}.Debug|Any CPU.Deploy.0 = Debug|Any CPU
		{DE95D460-902B-4B6E-BCF2-F1AE6AD48C77}.Debug|ARM.ActiveCfg = Debug|Any CPU
		{DE95D460-902B-4B6E-BCF2-F1AE6AD48C77}.Debug|ARM.Build.0 = Debug|Any CPU
		{DE95D460-902B-4B6E-BCF2-F1AE6AD48C77}.Debug|ARM.Deploy.0 = Debug|Any CPU
		{DE95D460-902B-4B6E-BCF2-F1AE6AD48C77}.Debug|iPhone.ActiveCfg = Debug|Any CPU
		{DE95D460-902B-4B6E-BCF2-F1AE6AD48C77}.Debug|iPhone.Build.0 = Debug|Any CPU
		{DE95D460-902B-4B6E-BCF2-F1AE6AD48C77}.Debug|iPhone.Deploy.0 = Debug|Any CPU
		{DE95D460-902B-4B6E-BCF2-F1AE6AD48C77}.Debug|iPhoneSimulator.ActiveCfg = Debug|Any CPU
		{DE95D460-902B-4B6E-BCF2-F1AE6AD48C77}.Debug|iPhoneSimulator.Build.0 = Debug|Any CPU
		{DE95D460-902B-4B6E-BCF2-F1AE6AD48C77}.Debug|iPhoneSimulator.Deploy.0 = Debug|Any CPU
		{DE95D460-902B-4B6E-BCF2-F1AE6AD48C77}.Debug|x64.ActiveCfg = Debug|Any CPU
		{DE95D460-902B-4B6E-BCF2-F1AE6AD48C77}.Debug|x64.Build.0 = Debug|Any CPU
		{DE95D460-902B-4B6E-BCF2-F1AE6AD48C77}.Debug|x64.Deploy.0 = Debug|Any CPU
		{DE95D460-902B-4B6E-BCF2-F1AE6AD48C77}.Debug|x86.ActiveCfg = Debug|Any CPU
		{DE95D460-902B-4B6E-BCF2-F1AE6AD48C77}.Debug|x86.Build.0 = Debug|Any CPU
		{DE95D460-902B-4B6E-BCF2-F1AE6AD48C77}.Debug|x86.Deploy.0 = Debug|Any CPU
		{DE95D460-902B-4B6E-BCF2-F1AE6AD48C77}.Release|Any CPU.ActiveCfg = Release|Any CPU
		{DE95D460-902B-4B6E-BCF2-F1AE6AD48C77}.Release|Any CPU.Build.0 = Release|Any CPU
		{DE95D460-902B-4B6E-BCF2-F1AE6AD48C77}.Release|Any CPU.Deploy.0 = Release|Any CPU
		{DE95D460-902B-4B6E-BCF2-F1AE6AD48C77}.Release|ARM.ActiveCfg = Release|Any CPU
		{DE95D460-902B-4B6E-BCF2-F1AE6AD48C77}.Release|ARM.Build.0 = Release|Any CPU
		{DE95D460-902B-4B6E-BCF2-F1AE6AD48C77}.Release|ARM.Deploy.0 = Release|Any CPU
		{DE95D460-902B-4B6E-BCF2-F1AE6AD48C77}.Release|iPhone.ActiveCfg = Release|Any CPU
		{DE95D460-902B-4B6E-BCF2-F1AE6AD48C77}.Release|iPhone.Build.0 = Release|Any CPU
		{DE95D460-902B-4B6E-BCF2-F1AE6AD48C77}.Release|iPhone.Deploy.0 = Release|Any CPU
		{DE95D460-902B-4B6E-BCF2-F1AE6AD48C77}.Release|iPhoneSimulator.ActiveCfg = Release|Any CPU
		{DE95D460-902B-4B6E-BCF2-F1AE6AD48C77}.Release|iPhoneSimulator.Build.0 = Release|Any CPU
		{DE95D460-902B-4B6E-BCF2-F1AE6AD48C77}.Release|iPhoneSimulator.Deploy.0 = Release|Any CPU
		{DE95D460-902B-4B6E-BCF2-F1AE6AD48C77}.Release|x64.ActiveCfg = Release|Any CPU
		{DE95D460-902B-4B6E-BCF2-F1AE6AD48C77}.Release|x64.Build.0 = Release|Any CPU
		{DE95D460-902B-4B6E-BCF2-F1AE6AD48C77}.Release|x64.Deploy.0 = Release|Any CPU
		{DE95D460-902B-4B6E-BCF2-F1AE6AD48C77}.Release|x86.ActiveCfg = Release|Any CPU
		{DE95D460-902B-4B6E-BCF2-F1AE6AD48C77}.Release|x86.Build.0 = Release|Any CPU
		{DE95D460-902B-4B6E-BCF2-F1AE6AD48C77}.Release|x86.Deploy.0 = Release|Any CPU
		{5673E713-6083-435B-94B3-BB32DFF11C9A}.Ad-Hoc|Any CPU.ActiveCfg = Ad-Hoc|iPhone
		{5673E713-6083-435B-94B3-BB32DFF11C9A}.Ad-Hoc|Any CPU.Build.0 = Ad-Hoc|iPhone
		{5673E713-6083-435B-94B3-BB32DFF11C9A}.Ad-Hoc|Any CPU.Deploy.0 = Ad-Hoc|iPhone
		{5673E713-6083-435B-94B3-BB32DFF11C9A}.Ad-Hoc|ARM.ActiveCfg = Ad-Hoc|iPhone
		{5673E713-6083-435B-94B3-BB32DFF11C9A}.Ad-Hoc|ARM.Build.0 = Ad-Hoc|iPhone
		{5673E713-6083-435B-94B3-BB32DFF11C9A}.Ad-Hoc|ARM.Deploy.0 = Ad-Hoc|iPhone
		{5673E713-6083-435B-94B3-BB32DFF11C9A}.Ad-Hoc|iPhone.ActiveCfg = Ad-Hoc|iPhone
		{5673E713-6083-435B-94B3-BB32DFF11C9A}.Ad-Hoc|iPhone.Build.0 = Ad-Hoc|iPhone
		{5673E713-6083-435B-94B3-BB32DFF11C9A}.Ad-Hoc|iPhone.Deploy.0 = Ad-Hoc|iPhone
		{5673E713-6083-435B-94B3-BB32DFF11C9A}.Ad-Hoc|iPhoneSimulator.ActiveCfg = Ad-Hoc|iPhoneSimulator
		{5673E713-6083-435B-94B3-BB32DFF11C9A}.Ad-Hoc|iPhoneSimulator.Build.0 = Ad-Hoc|iPhoneSimulator
		{5673E713-6083-435B-94B3-BB32DFF11C9A}.Ad-Hoc|iPhoneSimulator.Deploy.0 = Ad-Hoc|iPhoneSimulator
		{5673E713-6083-435B-94B3-BB32DFF11C9A}.Ad-Hoc|x64.ActiveCfg = Ad-Hoc|iPhone
		{5673E713-6083-435B-94B3-BB32DFF11C9A}.Ad-Hoc|x64.Build.0 = Ad-Hoc|iPhone
		{5673E713-6083-435B-94B3-BB32DFF11C9A}.Ad-Hoc|x64.Deploy.0 = Ad-Hoc|iPhone
		{5673E713-6083-435B-94B3-BB32DFF11C9A}.Ad-Hoc|x86.ActiveCfg = Ad-Hoc|iPhone
		{5673E713-6083-435B-94B3-BB32DFF11C9A}.Ad-Hoc|x86.Build.0 = Ad-Hoc|iPhone
		{5673E713-6083-435B-94B3-BB32DFF11C9A}.Ad-Hoc|x86.Deploy.0 = Ad-Hoc|iPhone
		{5673E713-6083-435B-94B3-BB32DFF11C9A}.AppStore|Any CPU.ActiveCfg = AppStore|iPhone
		{5673E713-6083-435B-94B3-BB32DFF11C9A}.AppStore|Any CPU.Build.0 = AppStore|iPhone
		{5673E713-6083-435B-94B3-BB32DFF11C9A}.AppStore|Any CPU.Deploy.0 = AppStore|iPhone
		{5673E713-6083-435B-94B3-BB32DFF11C9A}.AppStore|ARM.ActiveCfg = AppStore|iPhone
		{5673E713-6083-435B-94B3-BB32DFF11C9A}.AppStore|ARM.Build.0 = AppStore|iPhone
		{5673E713-6083-435B-94B3-BB32DFF11C9A}.AppStore|ARM.Deploy.0 = AppStore|iPhone
		{5673E713-6083-435B-94B3-BB32DFF11C9A}.AppStore|iPhone.ActiveCfg = AppStore|iPhone
		{5673E713-6083-435B-94B3-BB32DFF11C9A}.AppStore|iPhone.Build.0 = AppStore|iPhone
		{5673E713-6083-435B-94B3-BB32DFF11C9A}.AppStore|iPhone.Deploy.0 = AppStore|iPhone
		{5673E713-6083-435B-94B3-BB32DFF11C9A}.AppStore|iPhoneSimulator.ActiveCfg = AppStore|iPhoneSimulator
		{5673E713-6083-435B-94B3-BB32DFF11C9A}.AppStore|iPhoneSimulator.Build.0 = AppStore|iPhoneSimulator
		{5673E713-6083-435B-94B3-BB32DFF11C9A}.AppStore|iPhoneSimulator.Deploy.0 = AppStore|iPhoneSimulator
		{5673E713-6083-435B-94B3-BB32DFF11C9A}.AppStore|x64.ActiveCfg = AppStore|iPhone
		{5673E713-6083-435B-94B3-BB32DFF11C9A}.AppStore|x64.Build.0 = AppStore|iPhone
		{5673E713-6083-435B-94B3-BB32DFF11C9A}.AppStore|x64.Deploy.0 = AppStore|iPhone
		{5673E713-6083-435B-94B3-BB32DFF11C9A}.AppStore|x86.ActiveCfg = AppStore|iPhone
		{5673E713-6083-435B-94B3-BB32DFF11C9A}.AppStore|x86.Build.0 = AppStore|iPhone
		{5673E713-6083-435B-94B3-BB32DFF11C9A}.AppStore|x86.Deploy.0 = AppStore|iPhone
		{5673E713-6083-435B-94B3-BB32DFF11C9A}.Debug|Any CPU.ActiveCfg = Debug|iPhoneSimulator
		{5673E713-6083-435B-94B3-BB32DFF11C9A}.Debug|Any CPU.Build.0 = Debug|iPhoneSimulator
		{5673E713-6083-435B-94B3-BB32DFF11C9A}.Debug|Any CPU.Deploy.0 = Debug|iPhoneSimulator
		{5673E713-6083-435B-94B3-BB32DFF11C9A}.Debug|ARM.ActiveCfg = Debug|iPhone
		{5673E713-6083-435B-94B3-BB32DFF11C9A}.Debug|ARM.Build.0 = Debug|iPhone
		{5673E713-6083-435B-94B3-BB32DFF11C9A}.Debug|ARM.Deploy.0 = Debug|iPhone
		{5673E713-6083-435B-94B3-BB32DFF11C9A}.Debug|iPhone.ActiveCfg = Debug|iPhone
		{5673E713-6083-435B-94B3-BB32DFF11C9A}.Debug|iPhone.Build.0 = Debug|iPhone
		{5673E713-6083-435B-94B3-BB32DFF11C9A}.Debug|iPhone.Deploy.0 = Debug|iPhone
		{5673E713-6083-435B-94B3-BB32DFF11C9A}.Debug|iPhoneSimulator.ActiveCfg = Debug|iPhoneSimulator
		{5673E713-6083-435B-94B3-BB32DFF11C9A}.Debug|iPhoneSimulator.Build.0 = Debug|iPhoneSimulator
		{5673E713-6083-435B-94B3-BB32DFF11C9A}.Debug|iPhoneSimulator.Deploy.0 = Debug|iPhoneSimulator
		{5673E713-6083-435B-94B3-BB32DFF11C9A}.Debug|x64.ActiveCfg = Debug|iPhone
		{5673E713-6083-435B-94B3-BB32DFF11C9A}.Debug|x64.Build.0 = Debug|iPhone
		{5673E713-6083-435B-94B3-BB32DFF11C9A}.Debug|x64.Deploy.0 = Debug|iPhone
		{5673E713-6083-435B-94B3-BB32DFF11C9A}.Debug|x86.ActiveCfg = Debug|iPhone
		{5673E713-6083-435B-94B3-BB32DFF11C9A}.Debug|x86.Build.0 = Debug|iPhone
		{5673E713-6083-435B-94B3-BB32DFF11C9A}.Debug|x86.Deploy.0 = Debug|iPhone
		{5673E713-6083-435B-94B3-BB32DFF11C9A}.Release|Any CPU.ActiveCfg = Release|iPhone
		{5673E713-6083-435B-94B3-BB32DFF11C9A}.Release|Any CPU.Build.0 = Release|iPhone
		{5673E713-6083-435B-94B3-BB32DFF11C9A}.Release|Any CPU.Deploy.0 = Release|iPhone
		{5673E713-6083-435B-94B3-BB32DFF11C9A}.Release|ARM.ActiveCfg = Release|iPhone
		{5673E713-6083-435B-94B3-BB32DFF11C9A}.Release|ARM.Build.0 = Release|iPhone
		{5673E713-6083-435B-94B3-BB32DFF11C9A}.Release|ARM.Deploy.0 = Release|iPhone
		{5673E713-6083-435B-94B3-BB32DFF11C9A}.Release|iPhone.ActiveCfg = Release|iPhone
		{5673E713-6083-435B-94B3-BB32DFF11C9A}.Release|iPhone.Build.0 = Release|iPhone
		{5673E713-6083-435B-94B3-BB32DFF11C9A}.Release|iPhone.Deploy.0 = Release|iPhone
		{5673E713-6083-435B-94B3-BB32DFF11C9A}.Release|iPhoneSimulator.ActiveCfg = Release|iPhoneSimulator
		{5673E713-6083-435B-94B3-BB32DFF11C9A}.Release|iPhoneSimulator.Build.0 = Release|iPhoneSimulator
		{5673E713-6083-435B-94B3-BB32DFF11C9A}.Release|iPhoneSimulator.Deploy.0 = Release|iPhoneSimulator
		{5673E713-6083-435B-94B3-BB32DFF11C9A}.Release|x64.ActiveCfg = Release|iPhone
		{5673E713-6083-435B-94B3-BB32DFF11C9A}.Release|x64.Build.0 = Release|iPhone
		{5673E713-6083-435B-94B3-BB32DFF11C9A}.Release|x64.Deploy.0 = Release|iPhone
		{5673E713-6083-435B-94B3-BB32DFF11C9A}.Release|x86.ActiveCfg = Release|iPhone
		{5673E713-6083-435B-94B3-BB32DFF11C9A}.Release|x86.Build.0 = Release|iPhone
		{5673E713-6083-435B-94B3-BB32DFF11C9A}.Release|x86.Deploy.0 = Release|iPhone
		{3D3D59F5-1461-415E-AB4B-24F1AEA2D009}.Ad-Hoc|Any CPU.ActiveCfg = Release|x86
		{3D3D59F5-1461-415E-AB4B-24F1AEA2D009}.Ad-Hoc|Any CPU.Build.0 = Release|x86
		{3D3D59F5-1461-415E-AB4B-24F1AEA2D009}.Ad-Hoc|Any CPU.Deploy.0 = Release|x86
		{3D3D59F5-1461-415E-AB4B-24F1AEA2D009}.Ad-Hoc|ARM.ActiveCfg = Release|ARM
		{3D3D59F5-1461-415E-AB4B-24F1AEA2D009}.Ad-Hoc|ARM.Build.0 = Release|ARM
		{3D3D59F5-1461-415E-AB4B-24F1AEA2D009}.Ad-Hoc|ARM.Deploy.0 = Release|ARM
		{3D3D59F5-1461-415E-AB4B-24F1AEA2D009}.Ad-Hoc|iPhone.ActiveCfg = Release|x86
		{3D3D59F5-1461-415E-AB4B-24F1AEA2D009}.Ad-Hoc|iPhone.Build.0 = Release|x86
		{3D3D59F5-1461-415E-AB4B-24F1AEA2D009}.Ad-Hoc|iPhone.Deploy.0 = Release|x86
		{3D3D59F5-1461-415E-AB4B-24F1AEA2D009}.Ad-Hoc|iPhoneSimulator.ActiveCfg = Release|x86
		{3D3D59F5-1461-415E-AB4B-24F1AEA2D009}.Ad-Hoc|iPhoneSimulator.Build.0 = Release|x86
		{3D3D59F5-1461-415E-AB4B-24F1AEA2D009}.Ad-Hoc|iPhoneSimulator.Deploy.0 = Release|x86
		{3D3D59F5-1461-415E-AB4B-24F1AEA2D009}.Ad-Hoc|x64.ActiveCfg = Release|x64
		{3D3D59F5-1461-415E-AB4B-24F1AEA2D009}.Ad-Hoc|x64.Build.0 = Release|x64
		{3D3D59F5-1461-415E-AB4B-24F1AEA2D009}.Ad-Hoc|x64.Deploy.0 = Release|x64
		{3D3D59F5-1461-415E-AB4B-24F1AEA2D009}.Ad-Hoc|x86.ActiveCfg = Release|x86
		{3D3D59F5-1461-415E-AB4B-24F1AEA2D009}.Ad-Hoc|x86.Build.0 = Release|x86
		{3D3D59F5-1461-415E-AB4B-24F1AEA2D009}.Ad-Hoc|x86.Deploy.0 = Release|x86
		{3D3D59F5-1461-415E-AB4B-24F1AEA2D009}.AppStore|Any CPU.ActiveCfg = Release|x86
		{3D3D59F5-1461-415E-AB4B-24F1AEA2D009}.AppStore|Any CPU.Build.0 = Release|x86
		{3D3D59F5-1461-415E-AB4B-24F1AEA2D009}.AppStore|Any CPU.Deploy.0 = Release|x86
		{3D3D59F5-1461-415E-AB4B-24F1AEA2D009}.AppStore|ARM.ActiveCfg = Release|ARM
		{3D3D59F5-1461-415E-AB4B-24F1AEA2D009}.AppStore|ARM.Build.0 = Release|ARM
		{3D3D59F5-1461-415E-AB4B-24F1AEA2D009}.AppStore|ARM.Deploy.0 = Release|ARM
		{3D3D59F5-1461-415E-AB4B-24F1AEA2D009}.AppStore|iPhone.ActiveCfg = Release|x86
		{3D3D59F5-1461-415E-AB4B-24F1AEA2D009}.AppStore|iPhone.Build.0 = Release|x86
		{3D3D59F5-1461-415E-AB4B-24F1AEA2D009}.AppStore|iPhone.Deploy.0 = Release|x86
		{3D3D59F5-1461-415E-AB4B-24F1AEA2D009}.AppStore|iPhoneSimulator.ActiveCfg = Release|x86
		{3D3D59F5-1461-415E-AB4B-24F1AEA2D009}.AppStore|iPhoneSimulator.Build.0 = Release|x86
		{3D3D59F5-1461-415E-AB4B-24F1AEA2D009}.AppStore|iPhoneSimulator.Deploy.0 = Release|x86
		{3D3D59F5-1461-415E-AB4B-24F1AEA2D009}.AppStore|x64.ActiveCfg = Release|x64
		{3D3D59F5-1461-415E-AB4B-24F1AEA2D009}.AppStore|x64.Build.0 = Release|x64
		{3D3D59F5-1461-415E-AB4B-24F1AEA2D009}.AppStore|x64.Deploy.0 = Release|x64
		{3D3D59F5-1461-415E-AB4B-24F1AEA2D009}.AppStore|x86.ActiveCfg = Release|x86
		{3D3D59F5-1461-415E-AB4B-24F1AEA2D009}.AppStore|x86.Build.0 = Release|x86
		{3D3D59F5-1461-415E-AB4B-24F1AEA2D009}.AppStore|x86.Deploy.0 = Release|x86
		{3D3D59F5-1461-415E-AB4B-24F1AEA2D009}.Debug|Any CPU.ActiveCfg = Debug|x86
		{3D3D59F5-1461-415E-AB4B-24F1AEA2D009}.Debug|Any CPU.Build.0 = Debug|x86
		{3D3D59F5-1461-415E-AB4B-24F1AEA2D009}.Debug|Any CPU.Deploy.0 = Debug|x86
		{3D3D59F5-1461-415E-AB4B-24F1AEA2D009}.Debug|ARM.ActiveCfg = Debug|ARM
		{3D3D59F5-1461-415E-AB4B-24F1AEA2D009}.Debug|ARM.Build.0 = Debug|ARM
		{3D3D59F5-1461-415E-AB4B-24F1AEA2D009}.Debug|ARM.Deploy.0 = Debug|ARM
		{3D3D59F5-1461-415E-AB4B-24F1AEA2D009}.Debug|iPhone.ActiveCfg = Debug|x86
		{3D3D59F5-1461-415E-AB4B-24F1AEA2D009}.Debug|iPhone.Build.0 = Debug|x86
		{3D3D59F5-1461-415E-AB4B-24F1AEA2D009}.Debug|iPhone.Deploy.0 = Debug|x86
		{3D3D59F5-1461-415E-AB4B-24F1AEA2D009}.Debug|iPhoneSimulator.ActiveCfg = Debug|x86
		{3D3D59F5-1461-415E-AB4B-24F1AEA2D009}.Debug|iPhoneSimulator.Build.0 = Debug|x86
		{3D3D59F5-1461-415E-AB4B-24F1AEA2D009}.Debug|iPhoneSimulator.Deploy.0 = Debug|x86
		{3D3D59F5-1461-415E-AB4B-24F1AEA2D009}.Debug|x64.ActiveCfg = Debug|x64
		{3D3D59F5-1461-415E-AB4B-24F1AEA2D009}.Debug|x64.Build.0 = Debug|x64
		{3D3D59F5-1461-415E-AB4B-24F1AEA2D009}.Debug|x64.Deploy.0 = Debug|x64
		{3D3D59F5-1461-415E-AB4B-24F1AEA2D009}.Debug|x86.ActiveCfg = Debug|x86
		{3D3D59F5-1461-415E-AB4B-24F1AEA2D009}.Debug|x86.Build.0 = Debug|x86
		{3D3D59F5-1461-415E-AB4B-24F1AEA2D009}.Debug|x86.Deploy.0 = Debug|x86
		{3D3D59F5-1461-415E-AB4B-24F1AEA2D009}.Release|Any CPU.ActiveCfg = Release|x86
		{3D3D59F5-1461-415E-AB4B-24F1AEA2D009}.Release|Any CPU.Build.0 = Release|x86
		{3D3D59F5-1461-415E-AB4B-24F1AEA2D009}.Release|Any CPU.Deploy.0 = Release|x86
		{3D3D59F5-1461-415E-AB4B-24F1AEA2D009}.Release|ARM.ActiveCfg = Release|ARM
		{3D3D59F5-1461-415E-AB4B-24F1AEA2D009}.Release|ARM.Build.0 = Release|ARM
		{3D3D59F5-1461-415E-AB4B-24F1AEA2D009}.Release|ARM.Deploy.0 = Release|ARM
		{3D3D59F5-1461-415E-AB4B-24F1AEA2D009}.Release|iPhone.ActiveCfg = Release|x86
		{3D3D59F5-1461-415E-AB4B-24F1AEA2D009}.Release|iPhone.Build.0 = Release|x86
		{3D3D59F5-1461-415E-AB4B-24F1AEA2D009}.Release|iPhone.Deploy.0 = Release|x86
		{3D3D59F5-1461-415E-AB4B-24F1AEA2D009}.Release|iPhoneSimulator.ActiveCfg = Release|x86
		{3D3D59F5-1461-415E-AB4B-24F1AEA2D009}.Release|iPhoneSimulator.Build.0 = Release|x86
		{3D3D59F5-1461-415E-AB4B-24F1AEA2D009}.Release|iPhoneSimulator.Deploy.0 = Release|x86
		{3D3D59F5-1461-415E-AB4B-24F1AEA2D009}.Release|x64.ActiveCfg = Release|x64
		{3D3D59F5-1461-415E-AB4B-24F1AEA2D009}.Release|x64.Build.0 = Release|x64
		{3D3D59F5-1461-415E-AB4B-24F1AEA2D009}.Release|x64.Deploy.0 = Release|x64
		{3D3D59F5-1461-415E-AB4B-24F1AEA2D009}.Release|x86.ActiveCfg = Release|x86
		{3D3D59F5-1461-415E-AB4B-24F1AEA2D009}.Release|x86.Build.0 = Release|x86
		{3D3D59F5-1461-415E-AB4B-24F1AEA2D009}.Release|x86.Deploy.0 = Release|x86
		{56BA0220-765F-478D-AE03-4C8A603EC29E}.Ad-Hoc|Any CPU.ActiveCfg = Debug|Any CPU
		{56BA0220-765F-478D-AE03-4C8A603EC29E}.Ad-Hoc|Any CPU.Build.0 = Debug|Any CPU
		{56BA0220-765F-478D-AE03-4C8A603EC29E}.Ad-Hoc|Any CPU.Deploy.0 = Debug|Any CPU
		{56BA0220-765F-478D-AE03-4C8A603EC29E}.Ad-Hoc|ARM.ActiveCfg = Debug|Any CPU
		{56BA0220-765F-478D-AE03-4C8A603EC29E}.Ad-Hoc|ARM.Build.0 = Debug|Any CPU
		{56BA0220-765F-478D-AE03-4C8A603EC29E}.Ad-Hoc|ARM.Deploy.0 = Debug|Any CPU
		{56BA0220-765F-478D-AE03-4C8A603EC29E}.Ad-Hoc|iPhone.ActiveCfg = Debug|Any CPU
		{56BA0220-765F-478D-AE03-4C8A603EC29E}.Ad-Hoc|iPhone.Build.0 = Debug|Any CPU
		{56BA0220-765F-478D-AE03-4C8A603EC29E}.Ad-Hoc|iPhone.Deploy.0 = Debug|Any CPU
		{56BA0220-765F-478D-AE03-4C8A603EC29E}.Ad-Hoc|iPhoneSimulator.ActiveCfg = Debug|Any CPU
		{56BA0220-765F-478D-AE03-4C8A603EC29E}.Ad-Hoc|iPhoneSimulator.Build.0 = Debug|Any CPU
		{56BA0220-765F-478D-AE03-4C8A603EC29E}.Ad-Hoc|iPhoneSimulator.Deploy.0 = Debug|Any CPU
		{56BA0220-765F-478D-AE03-4C8A603EC29E}.Ad-Hoc|x64.ActiveCfg = Debug|Any CPU
		{56BA0220-765F-478D-AE03-4C8A603EC29E}.Ad-Hoc|x64.Build.0 = Debug|Any CPU
		{56BA0220-765F-478D-AE03-4C8A603EC29E}.Ad-Hoc|x64.Deploy.0 = Debug|Any CPU
		{56BA0220-765F-478D-AE03-4C8A603EC29E}.Ad-Hoc|x86.ActiveCfg = Debug|Any CPU
		{56BA0220-765F-478D-AE03-4C8A603EC29E}.Ad-Hoc|x86.Build.0 = Debug|Any CPU
		{56BA0220-765F-478D-AE03-4C8A603EC29E}.Ad-Hoc|x86.Deploy.0 = Debug|Any CPU
		{56BA0220-765F-478D-AE03-4C8A603EC29E}.AppStore|Any CPU.ActiveCfg = Debug|Any CPU
		{56BA0220-765F-478D-AE03-4C8A603EC29E}.AppStore|Any CPU.Build.0 = Debug|Any CPU
		{56BA0220-765F-478D-AE03-4C8A603EC29E}.AppStore|Any CPU.Deploy.0 = Debug|Any CPU
		{56BA0220-765F-478D-AE03-4C8A603EC29E}.AppStore|ARM.ActiveCfg = Debug|Any CPU
		{56BA0220-765F-478D-AE03-4C8A603EC29E}.AppStore|ARM.Build.0 = Debug|Any CPU
		{56BA0220-765F-478D-AE03-4C8A603EC29E}.AppStore|ARM.Deploy.0 = Debug|Any CPU
		{56BA0220-765F-478D-AE03-4C8A603EC29E}.AppStore|iPhone.ActiveCfg = Debug|Any CPU
		{56BA0220-765F-478D-AE03-4C8A603EC29E}.AppStore|iPhone.Build.0 = Debug|Any CPU
		{56BA0220-765F-478D-AE03-4C8A603EC29E}.AppStore|iPhone.Deploy.0 = Debug|Any CPU
		{56BA0220-765F-478D-AE03-4C8A603EC29E}.AppStore|iPhoneSimulator.ActiveCfg = Debug|Any CPU
		{56BA0220-765F-478D-AE03-4C8A603EC29E}.AppStore|iPhoneSimulator.Build.0 = Debug|Any CPU
		{56BA0220-765F-478D-AE03-4C8A603EC29E}.AppStore|iPhoneSimulator.Deploy.0 = Debug|Any CPU
		{56BA0220-765F-478D-AE03-4C8A603EC29E}.AppStore|x64.ActiveCfg = Debug|Any CPU
		{56BA0220-765F-478D-AE03-4C8A603EC29E}.AppStore|x64.Build.0 = Debug|Any CPU
		{56BA0220-765F-478D-AE03-4C8A603EC29E}.AppStore|x64.Deploy.0 = Debug|Any CPU
		{56BA0220-765F-478D-AE03-4C8A603EC29E}.AppStore|x86.ActiveCfg = Debug|Any CPU
		{56BA0220-765F-478D-AE03-4C8A603EC29E}.AppStore|x86.Build.0 = Debug|Any CPU
		{56BA0220-765F-478D-AE03-4C8A603EC29E}.AppStore|x86.Deploy.0 = Debug|Any CPU
		{56BA0220-765F-478D-AE03-4C8A603EC29E}.Debug|Any CPU.ActiveCfg = Debug|Any CPU
		{56BA0220-765F-478D-AE03-4C8A603EC29E}.Debug|Any CPU.Build.0 = Debug|Any CPU
		{56BA0220-765F-478D-AE03-4C8A603EC29E}.Debug|Any CPU.Deploy.0 = Debug|Any CPU
		{56BA0220-765F-478D-AE03-4C8A603EC29E}.Debug|ARM.ActiveCfg = Debug|Any CPU
		{56BA0220-765F-478D-AE03-4C8A603EC29E}.Debug|ARM.Build.0 = Debug|Any CPU
		{56BA0220-765F-478D-AE03-4C8A603EC29E}.Debug|ARM.Deploy.0 = Debug|Any CPU
		{56BA0220-765F-478D-AE03-4C8A603EC29E}.Debug|iPhone.ActiveCfg = Debug|Any CPU
		{56BA0220-765F-478D-AE03-4C8A603EC29E}.Debug|iPhone.Build.0 = Debug|Any CPU
		{56BA0220-765F-478D-AE03-4C8A603EC29E}.Debug|iPhone.Deploy.0 = Debug|Any CPU
		{56BA0220-765F-478D-AE03-4C8A603EC29E}.Debug|iPhoneSimulator.ActiveCfg = Debug|Any CPU
		{56BA0220-765F-478D-AE03-4C8A603EC29E}.Debug|iPhoneSimulator.Build.0 = Debug|Any CPU
		{56BA0220-765F-478D-AE03-4C8A603EC29E}.Debug|iPhoneSimulator.Deploy.0 = Debug|Any CPU
		{56BA0220-765F-478D-AE03-4C8A603EC29E}.Debug|x64.ActiveCfg = Debug|Any CPU
		{56BA0220-765F-478D-AE03-4C8A603EC29E}.Debug|x64.Build.0 = Debug|Any CPU
		{56BA0220-765F-478D-AE03-4C8A603EC29E}.Debug|x64.Deploy.0 = Debug|Any CPU
		{56BA0220-765F-478D-AE03-4C8A603EC29E}.Debug|x86.ActiveCfg = Debug|Any CPU
		{56BA0220-765F-478D-AE03-4C8A603EC29E}.Debug|x86.Build.0 = Debug|Any CPU
		{56BA0220-765F-478D-AE03-4C8A603EC29E}.Debug|x86.Deploy.0 = Debug|Any CPU
		{56BA0220-765F-478D-AE03-4C8A603EC29E}.Release|Any CPU.ActiveCfg = Release|Any CPU
		{56BA0220-765F-478D-AE03-4C8A603EC29E}.Release|Any CPU.Build.0 = Release|Any CPU
		{56BA0220-765F-478D-AE03-4C8A603EC29E}.Release|Any CPU.Deploy.0 = Release|Any CPU
		{56BA0220-765F-478D-AE03-4C8A603EC29E}.Release|ARM.ActiveCfg = Release|Any CPU
		{56BA0220-765F-478D-AE03-4C8A603EC29E}.Release|ARM.Build.0 = Release|Any CPU
		{56BA0220-765F-478D-AE03-4C8A603EC29E}.Release|ARM.Deploy.0 = Release|Any CPU
		{56BA0220-765F-478D-AE03-4C8A603EC29E}.Release|iPhone.ActiveCfg = Release|Any CPU
		{56BA0220-765F-478D-AE03-4C8A603EC29E}.Release|iPhone.Build.0 = Release|Any CPU
		{56BA0220-765F-478D-AE03-4C8A603EC29E}.Release|iPhone.Deploy.0 = Release|Any CPU
		{56BA0220-765F-478D-AE03-4C8A603EC29E}.Release|iPhoneSimulator.ActiveCfg = Release|Any CPU
		{56BA0220-765F-478D-AE03-4C8A603EC29E}.Release|iPhoneSimulator.Build.0 = Release|Any CPU
		{56BA0220-765F-478D-AE03-4C8A603EC29E}.Release|iPhoneSimulator.Deploy.0 = Release|Any CPU
		{56BA0220-765F-478D-AE03-4C8A603EC29E}.Release|x64.ActiveCfg = Release|Any CPU
		{56BA0220-765F-478D-AE03-4C8A603EC29E}.Release|x64.Build.0 = Release|Any CPU
		{56BA0220-765F-478D-AE03-4C8A603EC29E}.Release|x64.Deploy.0 = Release|Any CPU
		{56BA0220-765F-478D-AE03-4C8A603EC29E}.Release|x86.ActiveCfg = Release|Any CPU
		{56BA0220-765F-478D-AE03-4C8A603EC29E}.Release|x86.Build.0 = Release|Any CPU
		{56BA0220-765F-478D-AE03-4C8A603EC29E}.Release|x86.Deploy.0 = Release|Any CPU
	EndGlobalSection
	GlobalSection(SolutionProperties) = preSolution
		HideSolutionNode = FALSE
	EndGlobalSection
	GlobalSection(ExtensibilityGlobals) = postSolution
		SolutionGuid = {C41525D2-F4E1-4AA1-8403-F74F2C6C56D9}
	EndGlobalSection
EndGlobal
